
Microsoft Visual Studio Solution File, Format Version 12.00
# Visual Studio Version 17
VisualStudioVersion = 17.13.35825.156 d17.13
MinimumVisualStudioVersion = 10.0.40219.1
Project("{FAE04EC0-301F-11D3-BF4B-00C04F79EFBC}") = "DownloadFiles.Library", "DownloadFiles.Library\DownloadFiles.Library.csproj", "{47CC7DF2-6511-4570-8F9F-B3990D0E6A87}"
EndProject
Project("{FAE04EC0-301F-11D3-BF4B-00C04F79EFBC}") = "DownloadFiles.API", "DownloadFiles.API\DownloadFiles.API.csproj", "{E8FE4BFF-7420-4777-958A-0432E6BF91CF}"
EndProject
Global
	GlobalSection(SolutionConfigurationPlatforms) = preSolution
		Debug|Any CPU = Debug|Any CPU
		Release|Any CPU = Release|Any CPU
	EndGlobalSection
	GlobalSection(ProjectConfigurationPlatforms) = postSolution
		{47CC7DF2-6511-4570-8F9F-B3990D0E6A87}.Debug|Any CPU.ActiveCfg = Debug|Any CPU
		{47CC7DF2-6511-4570-8F9F-B3990D0E6A87}.Debug|Any CPU.Build.0 = Debug|Any CPU
		{47CC7DF2-6511-4570-8F9F-B3990D0E6A87}.Release|Any CPU.ActiveCfg = Release|Any CPU
		{47CC7DF2-6511-4570-8F9F-B3990D0E6A87}.Release|Any CPU.Build.0 = Release|Any CPU
		{E8FE4BFF-7420-4777-958A-0432E6BF91CF}.Debug|Any CPU.ActiveCfg = Debug|Any CPU
		{E8FE4BFF-7420-4777-958A-0432E6BF91CF}.Debug|Any CPU.Build.0 = Debug|Any CPU
		{E8FE4BFF-7420-4777-958A-0432E6BF91CF}.Release|Any CPU.ActiveCfg = Release|Any CPU
		{E8FE4BFF-7420-4777-958A-0432E6BF91CF}.Release|Any CPU.Build.0 = Release|Any CPU
	EndGlobalSection
	GlobalSection(SolutionProperties) = preSolution
		HideSolutionNode = FALSE
	EndGlobalSection
	GlobalSection(ExtensibilityGlobals) = postSolution
		SolutionGuid = {60825BAE-0608-49CF-AF89-000D2A21A3C0}
	EndGlobalSection
EndGlobal
